
Microsoft Visual Studio Solution File, Format Version 12.00
# Visual Studio 15
VisualStudioVersion = 15.0.28307.489
MinimumVisualStudioVersion = 10.0.40219.1
Project("{FAE04EC0-301F-11D3-BF4B-00C04F79EFBC}") = "BangazonAPI", "BangazonAPI\BangazonAPI.csproj", "{1EA4ADBF-EDA7-4640-8C84-36F106CD7966}"
EndProject
Project("{FAE04EC0-301F-11D3-BF4B-00C04F79EFBC}") = "TestBangazonAPI", "TestBangazonAPI\TestBangazonAPI.csproj", "{2B255152-DB16-4E99-8C9E-4E78A686D61C}"
EndProject
Global
	GlobalSection(SolutionConfigurationPlatforms) = preSolution
		Debug|Any CPU = Debug|Any CPU
		Release|Any CPU = Release|Any CPU
	EndGlobalSection
	GlobalSection(ProjectConfigurationPlatforms) = postSolution
		{1EA4ADBF-EDA7-4640-8C84-36F106CD7966}.Debug|Any CPU.ActiveCfg = Debug|Any CPU
		{1EA4ADBF-EDA7-4640-8C84-36F106CD7966}.Debug|Any CPU.Build.0 = Debug|Any CPU
		{1EA4ADBF-EDA7-4640-8C84-36F106CD7966}.Release|Any CPU.ActiveCfg = Release|Any CPU
		{1EA4ADBF-EDA7-4640-8C84-36F106CD7966}.Release|Any CPU.Build.0 = Release|Any CPU
		{2B255152-DB16-4E99-8C9E-4E78A686D61C}.Debug|Any CPU.ActiveCfg = Debug|Any CPU
		{2B255152-DB16-4E99-8C9E-4E78A686D61C}.Debug|Any CPU.Build.0 = Debug|Any CPU
		{2B255152-DB16-4E99-8C9E-4E78A686D61C}.Release|Any CPU.ActiveCfg = Release|Any CPU
		{2B255152-DB16-4E99-8C9E-4E78A686D61C}.Release|Any CPU.Build.0 = Release|Any CPU
	EndGlobalSection
	GlobalSection(SolutionProperties) = preSolution
		HideSolutionNode = FALSE
	EndGlobalSection
	GlobalSection(ExtensibilityGlobals) = postSolution
		SolutionGuid = {E65EC277-E0F4-4C5E-90FA-9B55BDF49C69}
	EndGlobalSection
EndGlobal
